
Microsoft Visual Studio Solution File, Format Version 12.00
# Visual Studio Version 17
VisualStudioVersion = 17.6.33829.357
MinimumVisualStudioVersion = 10.0.40219.1
Project("{FAE04EC0-301F-11D3-BF4B-00C04F79EFBC}") = "LUN_MVC_GROUPS", "LUN_MVC_GROUPS\LUN_MVC_GROUPS.csproj", "{092CC558-A469-4174-9A1F-B3FF35412B05}"
EndProject
Global
	GlobalSection(SolutionConfigurationPlatforms) = preSolution
		Debug|Any CPU = Debug|Any CPU
		Release|Any CPU = Release|Any CPU
	EndGlobalSection
	GlobalSection(ProjectConfigurationPlatforms) = postSolution
		{092CC558-A469-4174-9A1F-B3FF35412B05}.Debug|Any CPU.ActiveCfg = Debug|Any CPU
		{092CC558-A469-4174-9A1F-B3FF35412B05}.Debug|Any CPU.Build.0 = Debug|Any CPU
		{092CC558-A469-4174-9A1F-B3FF35412B05}.Release|Any CPU.ActiveCfg = Release|Any CPU
		{092CC558-A469-4174-9A1F-B3FF35412B05}.Release|Any CPU.Build.0 = Release|Any CPU
	EndGlobalSection
	GlobalSection(SolutionProperties) = preSolution
		HideSolutionNode = FALSE
	EndGlobalSection
	GlobalSection(ExtensibilityGlobals) = postSolution
		SolutionGuid = {81723D1B-F213-4201-B70F-DA4D5D40138C}
	EndGlobalSection
EndGlobal
